# THIS IS AN AUTOGENERATED FILE. DO NOT EDIT THIS FILE DIRECTLY.
# yarn lockfile v1


consistent-env@^1.2.0:
  version "1.3.1"
  resolved "https://registry.yarnpkg.com/consistent-env/-/consistent-env-1.3.1.tgz#f68234d7c69fc6dd9656f8ae23429ce0499b65fb"
  integrity sha1-9oI018afxt2WVviuI0Kc4EmbZfs=
  dependencies:
    lodash.uniq "^4.5.0"

consistent-path@^2.0.3:
  version "2.0.3"
  resolved "https://registry.yarnpkg.com/consistent-path/-/consistent-path-2.0.3.tgz#bd5dadbb230269864fc9839ac9eb7f4fd3dc20e9"
  integrity sha1-vV2tuyMCaYZPyYOayet/T9PcIOk=
  dependencies:
    consistent-env "^1.2.0"

kiss-cli@^0.4.2:
  version "0.4.2"
  resolved "https://registry.yarnpkg.com/kiss-cli/-/kiss-cli-0.4.2.tgz#ebe6eb2904853003d8da629931e80c0482b6df6a"
  integrity sha512-s7aWJysR/BFeocX3KlSpgBofVJAPGUkv26fUrD7nHtn8IHFUQl43wvW6MFgZel0ahQ/vAQhy0J13MrokNz4M4A==

lodash.uniq@^4.5.0:
  version "4.5.0"
  resolved "https://registry.yarnpkg.com/lodash.uniq/-/lodash.uniq-4.5.0.tgz#d0225373aeb652adc1bc82e4945339a842754773"
  integrity sha1-0CJTc662Uq3BvILklFM5qEJ1R3M=
