# THIS IS AN AUTOGENERATED FILE. DO NOT EDIT THIS FILE DIRECTLY.
# yarn lockfile v1


consistent-env@^1.2.0:
  version "1.3.1"
  resolved "https://registry.yarnpkg.com/consistent-env/-/consistent-env-1.3.1.tgz#f68234d7c69fc6dd9656f8ae23429ce0499b65fb"
  integrity sha1-9oI018afxt2WVviuI0Kc4EmbZfs=
  dependencies:
    lodash.uniq "^4.5.0"

consistent-path@^2.0.3:
  version "2.0.3"
  resolved "https://registry.yarnpkg.com/consistent-path/-/consistent-path-2.0.3.tgz#bd5dadbb230269864fc9839ac9eb7f4fd3dc20e9"
  integrity sha1-vV2tuyMCaYZPyYOayet/T9PcIOk=
  dependencies:
    consistent-env "^1.2.0"

fs-extra@^8.1.0:
  version "8.1.0"
  resolved "https://registry.yarnpkg.com/fs-extra/-/fs-extra-8.1.0.tgz#49d43c45a88cd9677668cb7be1b46efdb8d2e1c0"
  integrity sha512-yhlQgA6mnOJUKOsRUFsgJdQCvkKhcz8tlZG5HBQfReYZy46OwLcY+Zia0mtdHsOo9y/hP+CxMN0TU9QxoOtG4g==
  dependencies:
    graceful-fs "^4.2.0"
    jsonfile "^4.0.0"
    universalify "^0.1.0"

graceful-fs@^4.1.6, graceful-fs@^4.2.0:
  version "4.2.3"
  resolved "https://registry.yarnpkg.com/graceful-fs/-/graceful-fs-4.2.3.tgz#4a12ff1b60376ef09862c2093edd908328be8423"
  integrity sha512-a30VEBm4PEdx1dRB7MFK7BejejvCvBronbLjht+sHuGYj8PHs7M/5Z+rt5lw551vZ7yfTCj4Vuyy3mSJytDWRQ==

jsonfile@^4.0.0:
  version "4.0.0"
  resolved "https://registry.yarnpkg.com/jsonfile/-/jsonfile-4.0.0.tgz#8771aae0799b64076b76640fca058f9c10e33ecb"
  integrity sha1-h3Gq4HmbZAdrdmQPygWPnBDjPss=
  optionalDependencies:
    graceful-fs "^4.1.6"

kiss-cli@^0.5.0:
  version "0.5.0"
  resolved "https://registry.yarnpkg.com/kiss-cli/-/kiss-cli-0.5.0.tgz#0c4319fa88fca8c743e44da7939688166d7c349f"
  integrity sha512-BHQJJCKTMlEzbG19CmZgy4Nt4yAkmaqsAcYYgh2yh1+YKHqt2XrkNVNOneyG7hK/yn4etEF6EMDoDj1yCXNt3g==
  dependencies:
    fs-extra "^8.1.0"

lodash.uniq@^4.5.0:
  version "4.5.0"
  resolved "https://registry.yarnpkg.com/lodash.uniq/-/lodash.uniq-4.5.0.tgz#d0225373aeb652adc1bc82e4945339a842754773"
  integrity sha1-0CJTc662Uq3BvILklFM5qEJ1R3M=

universalify@^0.1.0:
  version "0.1.2"
  resolved "https://registry.yarnpkg.com/universalify/-/universalify-0.1.2.tgz#b646f69be3942dabcecc9d6639c80dc105efaa66"
  integrity sha512-rBJeI5CXAlmy1pV+617WB9J63U6XcazHHF2f2dbJix4XzpUF0RS3Zbj0FGIOCAva5P/d/GBOYaACQ1w+0azUkg==
